
Microsoft Visual Studio Solution File, Format Version 11.00
# Visual Studio 2010
Project("{FAE04EC0-301F-11D3-BF4B-00C04F79EFBC}") = "OCT_WEIGHT.Manager", "OCT_WEIGHT.Manager\OCT_WEIGHT.Manager.csproj", "{E98D91A4-DEFC-4F7B-B3E0-C58503BDCE4B}"
	ProjectSection(ProjectDependencies) = postProject
		{61F1627E-2324-4C93-BD38-C04BE16EF616} = {61F1627E-2324-4C93-BD38-C04BE16EF616}
	EndProjectSection
EndProject
Project("{FAE04EC0-301F-11D3-BF4B-00C04F79EFBC}") = "OCT_WEIGHT.Manager.Program", "OCT_WEIGHT.Manager.Program\OCT_WEIGHT.Manager.Program.csproj", "{75EC03CD-A39D-4696-9EFB-EDB281F6BAF7}"
EndProject
Project("{FAE04EC0-301F-11D3-BF4B-00C04F79EFBC}") = "OCT_WEIGHT.Manager.Common", "OCT_WEIGHT.Manager.Common\OCT_WEIGHT.Manager.Common.csproj", "{061D0B52-8EAF-4105-96B0-A2228183228C}"
	ProjectSection(ProjectDependencies) = postProject
		{D58CBD0D-A73D-4ADB-BE12-AB34699F85B0} = {D58CBD0D-A73D-4ADB-BE12-AB34699F85B0}
	EndProjectSection
EndProject
Project("{FAE04EC0-301F-11D3-BF4B-00C04F79EFBC}") = "OCT_WEIGHT.DB", "OCT_WEIGHT.DB\OCT_WEIGHT.DB.csproj", "{D58CBD0D-A73D-4ADB-BE12-AB34699F85B0}"
EndProject
Project("{FAE04EC0-301F-11D3-BF4B-00C04F79EFBC}") = "OCT_WEIGHT.DB2", "OCT_WEIGHT.DB2\OCT_WEIGHT.DB2.csproj", "{61F1627E-2324-4C93-BD38-C04BE16EF616}"
EndProject
Project("{FAE04EC0-301F-11D3-BF4B-00C04F79EFBC}") = "OCT_WEIGHT.DB_TEST", "OCT_WEIGHT.DB_TEST\OCT_WEIGHT.DB_TEST.csproj", "{16953FA8-DED6-48D8-978E-E4E8C3318DBF}"
EndProject
Project("{FAE04EC0-301F-11D3-BF4B-00C04F79EFBC}") = "OCT_WEIGHT.RESULT_INFO", "OCT_WEIGHT.RESULT_INFO\OCT_WEIGHT.RESULT_INFO.csproj", "{FD9D4103-F245-4A19-829E-586A8F270EE5}"
EndProject
Project("{FAE04EC0-301F-11D3-BF4B-00C04F79EFBC}") = "OCT_WEIGHT.AutoWeight", "OCT_WEIGHT.AutoWeight\OCT_WEIGHT.AutoWeight.csproj", "{705E0E83-60B2-4B6B-87C6-1E72C3E647FB}"
EndProject
Project("{FAE04EC0-301F-11D3-BF4B-00C04F79EFBC}") = "OctoUpdateV2", "OctoUpdateV2\OctoUpdateV2.csproj", "{B42AB319-12A4-464A-A6AC-5C1DDDC4E5B2}"
EndProject
Project("{54435603-DBB4-11D2-8724-00A0C9A8B90C}") = "WeightSetup", "WeightSetup\WeightSetup.vdproj", "{10314460-0DBA-4A9C-B5C0-DBAD1B80EAD9}"
EndProject
Global
	GlobalSection(SolutionConfigurationPlatforms) = preSolution
		Debug|Any CPU = Debug|Any CPU
		Debug|Mixed Platforms = Debug|Mixed Platforms
		Debug|x64 = Debug|x64
		Debug|x86 = Debug|x86
		Release|Any CPU = Release|Any CPU
		Release|Mixed Platforms = Release|Mixed Platforms
		Release|x64 = Release|x64
		Release|x86 = Release|x86
		X86|Any CPU = X86|Any CPU
		X86|Mixed Platforms = X86|Mixed Platforms
		X86|x64 = X86|x64
		X86|x86 = X86|x86
	EndGlobalSection
	GlobalSection(ProjectConfigurationPlatforms) = postSolution
		{E98D91A4-DEFC-4F7B-B3E0-C58503BDCE4B}.Debug|Any CPU.ActiveCfg = Debug|x86
		{E98D91A4-DEFC-4F7B-B3E0-C58503BDCE4B}.Debug|Mixed Platforms.ActiveCfg = Debug|x86
		{E98D91A4-DEFC-4F7B-B3E0-C58503BDCE4B}.Debug|Mixed Platforms.Build.0 = Debug|x86
		{E98D91A4-DEFC-4F7B-B3E0-C58503BDCE4B}.Debug|x64.ActiveCfg = Debug|x86
		{E98D91A4-DEFC-4F7B-B3E0-C58503BDCE4B}.Debug|x86.ActiveCfg = Debug|x86
		{E98D91A4-DEFC-4F7B-B3E0-C58503BDCE4B}.Debug|x86.Build.0 = Debug|x86
		{E98D91A4-DEFC-4F7B-B3E0-C58503BDCE4B}.Release|Any CPU.ActiveCfg = Release|x86
		{E98D91A4-DEFC-4F7B-B3E0-C58503BDCE4B}.Release|Any CPU.Build.0 = Release|x86
		{E98D91A4-DEFC-4F7B-B3E0-C58503BDCE4B}.Release|Mixed Platforms.ActiveCfg = Release|x86
		{E98D91A4-DEFC-4F7B-B3E0-C58503BDCE4B}.Release|Mixed Platforms.Build.0 = Release|x86
		{E98D91A4-DEFC-4F7B-B3E0-C58503BDCE4B}.Release|x64.ActiveCfg = Release|x86
		{E98D91A4-DEFC-4F7B-B3E0-C58503BDCE4B}.Release|x86.ActiveCfg = Release|x86
		{E98D91A4-DEFC-4F7B-B3E0-C58503BDCE4B}.Release|x86.Build.0 = Release|x86
		{E98D91A4-DEFC-4F7B-B3E0-C58503BDCE4B}.X86|Any CPU.ActiveCfg = Release|x86
		{E98D91A4-DEFC-4F7B-B3E0-C58503BDCE4B}.X86|Mixed Platforms.ActiveCfg = Release|x86
		{E98D91A4-DEFC-4F7B-B3E0-C58503BDCE4B}.X86|Mixed Platforms.Build.0 = Release|x86
		{E98D91A4-DEFC-4F7B-B3E0-C58503BDCE4B}.X86|x64.ActiveCfg = Release|x86
		{E98D91A4-DEFC-4F7B-B3E0-C58503BDCE4B}.X86|x86.ActiveCfg = Release|x86
		{E98D91A4-DEFC-4F7B-B3E0-C58503BDCE4B}.X86|x86.Build.0 = Release|x86
		{75EC03CD-A39D-4696-9EFB-EDB281F6BAF7}.Debug|Any CPU.ActiveCfg = Debug|Any CPU
		{75EC03CD-A39D-4696-9EFB-EDB281F6BAF7}.Debug|Any CPU.Build.0 = Debug|Any CPU
		{75EC03CD-A39D-4696-9EFB-EDB281F6BAF7}.Debug|Mixed Platforms.ActiveCfg = Debug|Any CPU
		{75EC03CD-A39D-4696-9EFB-EDB281F6BAF7}.Debug|Mixed Platforms.Build.0 = Debug|Any CPU
		{75EC03CD-A39D-4696-9EFB-EDB281F6BAF7}.Debug|x64.ActiveCfg = Debug|Any CPU
		{75EC03CD-A39D-4696-9EFB-EDB281F6BAF7}.Debug|x86.ActiveCfg = Debug|Any CPU
		{75EC03CD-A39D-4696-9EFB-EDB281F6BAF7}.Release|Any CPU.ActiveCfg = Release|Any CPU
		{75EC03CD-A39D-4696-9EFB-EDB281F6BAF7}.Release|Any CPU.Build.0 = Release|Any CPU
		{75EC03CD-A39D-4696-9EFB-EDB281F6BAF7}.Release|Mixed Platforms.ActiveCfg = Release|Any CPU
		{75EC03CD-A39D-4696-9EFB-EDB281F6BAF7}.Release|Mixed Platforms.Build.0 = Release|Any CPU
		{75EC03CD-A39D-4696-9EFB-EDB281F6BAF7}.Release|x64.ActiveCfg = Release|Any CPU
		{75EC03CD-A39D-4696-9EFB-EDB281F6BAF7}.Release|x86.ActiveCfg = Release|Any CPU
		{75EC03CD-A39D-4696-9EFB-EDB281F6BAF7}.X86|Any CPU.ActiveCfg = Release|Any CPU
		{75EC03CD-A39D-4696-9EFB-EDB281F6BAF7}.X86|Any CPU.Build.0 = Release|Any CPU
		{75EC03CD-A39D-4696-9EFB-EDB281F6BAF7}.X86|Mixed Platforms.ActiveCfg = Release|Any CPU
		{75EC03CD-A39D-4696-9EFB-EDB281F6BAF7}.X86|Mixed Platforms.Build.0 = Release|Any CPU
		{75EC03CD-A39D-4696-9EFB-EDB281F6BAF7}.X86|x64.ActiveCfg = Release|Any CPU
		{75EC03CD-A39D-4696-9EFB-EDB281F6BAF7}.X86|x86.ActiveCfg = Release|Any CPU
		{061D0B52-8EAF-4105-96B0-A2228183228C}.Debug|Any CPU.ActiveCfg = Debug|Any CPU
		{061D0B52-8EAF-4105-96B0-A2228183228C}.Debug|Any CPU.Build.0 = Debug|Any CPU
		{061D0B52-8EAF-4105-96B0-A2228183228C}.Debug|Mixed Platforms.ActiveCfg = Debug|Any CPU
		{061D0B52-8EAF-4105-96B0-A2228183228C}.Debug|Mixed Platforms.Build.0 = Debug|Any CPU
		{061D0B52-8EAF-4105-96B0-A2228183228C}.Debug|x64.ActiveCfg = Debug|Any CPU
		{061D0B52-8EAF-4105-96B0-A2228183228C}.Debug|x86.ActiveCfg = Debug|Any CPU
		{061D0B52-8EAF-4105-96B0-A2228183228C}.Release|Any CPU.ActiveCfg = Release|Any CPU
		{061D0B52-8EAF-4105-96B0-A2228183228C}.Release|Any CPU.Build.0 = Release|Any CPU
		{061D0B52-8EAF-4105-96B0-A2228183228C}.Release|Mixed Platforms.ActiveCfg = Release|Any CPU
		{061D0B52-8EAF-4105-96B0-A2228183228C}.Release|Mixed Platforms.Build.0 = Release|Any CPU
		{061D0B52-8EAF-4105-96B0-A2228183228C}.Release|x64.ActiveCfg = Release|Any CPU
		{061D0B52-8EAF-4105-96B0-A2228183228C}.Release|x86.ActiveCfg = Release|Any CPU
		{061D0B52-8EAF-4105-96B0-A2228183228C}.X86|Any CPU.ActiveCfg = Release|Any CPU
		{061D0B52-8EAF-4105-96B0-A2228183228C}.X86|Any CPU.Build.0 = Release|Any CPU
		{061D0B52-8EAF-4105-96B0-A2228183228C}.X86|Mixed Platforms.ActiveCfg = Release|Any CPU
		{061D0B52-8EAF-4105-96B0-A2228183228C}.X86|Mixed Platforms.Build.0 = Release|Any CPU
		{061D0B52-8EAF-4105-96B0-A2228183228C}.X86|x64.ActiveCfg = Release|Any CPU
		{061D0B52-8EAF-4105-96B0-A2228183228C}.X86|x86.ActiveCfg = Release|Any CPU
		{D58CBD0D-A73D-4ADB-BE12-AB34699F85B0}.Debug|Any CPU.ActiveCfg = Debug|Any CPU
		{D58CBD0D-A73D-4ADB-BE12-AB34699F85B0}.Debug|Any CPU.Build.0 = Debug|Any CPU
		{D58CBD0D-A73D-4ADB-BE12-AB34699F85B0}.Debug|Mixed Platforms.ActiveCfg = Debug|Any CPU
		{D58CBD0D-A73D-4ADB-BE12-AB34699F85B0}.Debug|Mixed Platforms.Build.0 = Debug|Any CPU
		{D58CBD0D-A73D-4ADB-BE12-AB34699F85B0}.Debug|x64.ActiveCfg = Debug|Any CPU
		{D58CBD0D-A73D-4ADB-BE12-AB34699F85B0}.Debug|x86.ActiveCfg = Debug|Any CPU
		{D58CBD0D-A73D-4ADB-BE12-AB34699F85B0}.Release|Any CPU.ActiveCfg = Release|Any CPU
		{D58CBD0D-A73D-4ADB-BE12-AB34699F85B0}.Release|Mixed Platforms.ActiveCfg = Release|Any CPU
		{D58CBD0D-A73D-4ADB-BE12-AB34699F85B0}.Release|x64.ActiveCfg = Release|Any CPU
		{D58CBD0D-A73D-4ADB-BE12-AB34699F85B0}.Release|x86.ActiveCfg = Release|Any CPU
		{D58CBD0D-A73D-4ADB-BE12-AB34699F85B0}.X86|Any CPU.ActiveCfg = Release|Any CPU
		{D58CBD0D-A73D-4ADB-BE12-AB34699F85B0}.X86|Any CPU.Build.0 = Release|Any CPU
		{D58CBD0D-A73D-4ADB-BE12-AB34699F85B0}.X86|Mixed Platforms.ActiveCfg = Release|Any CPU
		{D58CBD0D-A73D-4ADB-BE12-AB34699F85B0}.X86|Mixed Platforms.Build.0 = Release|Any CPU
		{D58CBD0D-A73D-4ADB-BE12-AB34699F85B0}.X86|x64.ActiveCfg = Release|Any CPU
		{D58CBD0D-A73D-4ADB-BE12-AB34699F85B0}.X86|x86.ActiveCfg = Release|Any CPU
		{61F1627E-2324-4C93-BD38-C04BE16EF616}.Debug|Any CPU.ActiveCfg = Debug|Any CPU
		{61F1627E-2324-4C93-BD38-C04BE16EF616}.Debug|Any CPU.Build.0 = Debug|Any CPU
		{61F1627E-2324-4C93-BD38-C04BE16EF616}.Debug|Mixed Platforms.ActiveCfg = Debug|Any CPU
		{61F1627E-2324-4C93-BD38-C04BE16EF616}.Debug|Mixed Platforms.Build.0 = Debug|Any CPU
		{61F1627E-2324-4C93-BD38-C04BE16EF616}.Debug|x64.ActiveCfg = Debug|Any CPU
		{61F1627E-2324-4C93-BD38-C04BE16EF616}.Debug|x86.ActiveCfg = Debug|Any CPU
		{61F1627E-2324-4C93-BD38-C04BE16EF616}.Release|Any CPU.ActiveCfg = Release|Any CPU
		{61F1627E-2324-4C93-BD38-C04BE16EF616}.Release|Mixed Platforms.ActiveCfg = Release|Any CPU
		{61F1627E-2324-4C93-BD38-C04BE16EF616}.Release|x64.ActiveCfg = Release|Any CPU
		{61F1627E-2324-4C93-BD38-C04BE16EF616}.Release|x86.ActiveCfg = Release|Any CPU
		{61F1627E-2324-4C93-BD38-C04BE16EF616}.X86|Any CPU.ActiveCfg = Release|Any CPU
		{61F1627E-2324-4C93-BD38-C04BE16EF616}.X86|Any CPU.Build.0 = Release|Any CPU
		{61F1627E-2324-4C93-BD38-C04BE16EF616}.X86|Mixed Platforms.ActiveCfg = Release|Any CPU
		{61F1627E-2324-4C93-BD38-C04BE16EF616}.X86|Mixed Platforms.Build.0 = Release|Any CPU
		{61F1627E-2324-4C93-BD38-C04BE16EF616}.X86|x64.ActiveCfg = Release|Any CPU
		{61F1627E-2324-4C93-BD38-C04BE16EF616}.X86|x86.ActiveCfg = Release|Any CPU
		{16953FA8-DED6-48D8-978E-E4E8C3318DBF}.Debug|Any CPU.ActiveCfg = Debug|x86
		{16953FA8-DED6-48D8-978E-E4E8C3318DBF}.Debug|Mixed Platforms.ActiveCfg = Debug|x86
		{16953FA8-DED6-48D8-978E-E4E8C3318DBF}.Debug|Mixed Platforms.Build.0 = Debug|x86
		{16953FA8-DED6-48D8-978E-E4E8C3318DBF}.Debug|x64.ActiveCfg = Debug|x86
		{16953FA8-DED6-48D8-978E-E4E8C3318DBF}.Debug|x86.ActiveCfg = Debug|x86
		{16953FA8-DED6-48D8-978E-E4E8C3318DBF}.Debug|x86.Build.0 = Debug|x86
		{16953FA8-DED6-48D8-978E-E4E8C3318DBF}.Release|Any CPU.ActiveCfg = Release|x86
		{16953FA8-DED6-48D8-978E-E4E8C3318DBF}.Release|Mixed Platforms.ActiveCfg = Release|x86
		{16953FA8-DED6-48D8-978E-E4E8C3318DBF}.Release|x64.ActiveCfg = Release|x86
		{16953FA8-DED6-48D8-978E-E4E8C3318DBF}.Release|x86.ActiveCfg = Release|x86
		{16953FA8-DED6-48D8-978E-E4E8C3318DBF}.Release|x86.Build.0 = Release|x86
		{16953FA8-DED6-48D8-978E-E4E8C3318DBF}.X86|Any CPU.ActiveCfg = Release|x86
		{16953FA8-DED6-48D8-978E-E4E8C3318DBF}.X86|Mixed Platforms.ActiveCfg = Release|x86
		{16953FA8-DED6-48D8-978E-E4E8C3318DBF}.X86|Mixed Platforms.Build.0 = Release|x86
		{16953FA8-DED6-48D8-978E-E4E8C3318DBF}.X86|x64.ActiveCfg = Release|x86
		{16953FA8-DED6-48D8-978E-E4E8C3318DBF}.X86|x86.ActiveCfg = Release|x86
		{16953FA8-DED6-48D8-978E-E4E8C3318DBF}.X86|x86.Build.0 = Release|x86
		{FD9D4103-F245-4A19-829E-586A8F270EE5}.Debug|Any CPU.ActiveCfg = Debug|x86
		{FD9D4103-F245-4A19-829E-586A8F270EE5}.Debug|Mixed Platforms.ActiveCfg = Debug|x86
		{FD9D4103-F245-4A19-829E-586A8F270EE5}.Debug|Mixed Platforms.Build.0 = Debug|x86
		{FD9D4103-F245-4A19-829E-586A8F270EE5}.Debug|x64.ActiveCfg = Debug|x86
		{FD9D4103-F245-4A19-829E-586A8F270EE5}.Debug|x86.ActiveCfg = Debug|x86
		{FD9D4103-F245-4A19-829E-586A8F270EE5}.Debug|x86.Build.0 = Debug|x86
		{FD9D4103-F245-4A19-829E-586A8F270EE5}.Release|Any CPU.ActiveCfg = Release|x86
		{FD9D4103-F245-4A19-829E-586A8F270EE5}.Release|Mixed Platforms.ActiveCfg = Release|x86
		{FD9D4103-F245-4A19-829E-586A8F270EE5}.Release|x64.ActiveCfg = Release|x86
		{FD9D4103-F245-4A19-829E-586A8F270EE5}.Release|x86.ActiveCfg = Release|x86
		{FD9D4103-F245-4A19-829E-586A8F270EE5}.Release|x86.Build.0 = Release|x86
		{FD9D4103-F245-4A19-829E-586A8F270EE5}.X86|Any CPU.ActiveCfg = Release|x86
		{FD9D4103-F245-4A19-829E-586A8F270EE5}.X86|Mixed Platforms.ActiveCfg = Release|x86
		{FD9D4103-F245-4A19-829E-586A8F270EE5}.X86|Mixed Platforms.Build.0 = Release|x86
		{FD9D4103-F245-4A19-829E-586A8F270EE5}.X86|x64.ActiveCfg = Release|x86
		{FD9D4103-F245-4A19-829E-586A8F270EE5}.X86|x86.ActiveCfg = Release|x86
		{FD9D4103-F245-4A19-829E-586A8F270EE5}.X86|x86.Build.0 = Release|x86
		{705E0E83-60B2-4B6B-87C6-1E72C3E647FB}.Debug|Any CPU.ActiveCfg = Debug|x64
		{705E0E83-60B2-4B6B-87C6-1E72C3E647FB}.Debug|Mixed Platforms.ActiveCfg = Debug|x86
		{705E0E83-60B2-4B6B-87C6-1E72C3E647FB}.Debug|Mixed Platforms.Build.0 = Debug|x86
		{705E0E83-60B2-4B6B-87C6-1E72C3E647FB}.Debug|x64.ActiveCfg = Debug|x64
		{705E0E83-60B2-4B6B-87C6-1E72C3E647FB}.Debug|x64.Build.0 = Debug|x64
		{705E0E83-60B2-4B6B-87C6-1E72C3E647FB}.Debug|x86.ActiveCfg = Debug|x86
		{705E0E83-60B2-4B6B-87C6-1E72C3E647FB}.Debug|x86.Build.0 = Debug|x86
		{705E0E83-60B2-4B6B-87C6-1E72C3E647FB}.Release|Any CPU.ActiveCfg = Release|x64
		{705E0E83-60B2-4B6B-87C6-1E72C3E647FB}.Release|Mixed Platforms.ActiveCfg = Release|x64
		{705E0E83-60B2-4B6B-87C6-1E72C3E647FB}.Release|Mixed Platforms.Build.0 = Release|x64
		{705E0E83-60B2-4B6B-87C6-1E72C3E647FB}.Release|x64.ActiveCfg = Release|x64
		{705E0E83-60B2-4B6B-87C6-1E72C3E647FB}.Release|x64.Build.0 = Release|x64
		{705E0E83-60B2-4B6B-87C6-1E72C3E647FB}.Release|x86.ActiveCfg = Release|x86
		{705E0E83-60B2-4B6B-87C6-1E72C3E647FB}.Release|x86.Build.0 = Release|x86
		{705E0E83-60B2-4B6B-87C6-1E72C3E647FB}.X86|Any CPU.ActiveCfg = Release|x64
		{705E0E83-60B2-4B6B-87C6-1E72C3E647FB}.X86|Mixed Platforms.ActiveCfg = Release|x64
		{705E0E83-60B2-4B6B-87C6-1E72C3E647FB}.X86|Mixed Platforms.Build.0 = Release|x64
		{705E0E83-60B2-4B6B-87C6-1E72C3E647FB}.X86|x64.ActiveCfg = Release|x64
		{705E0E83-60B2-4B6B-87C6-1E72C3E647FB}.X86|x64.Build.0 = Release|x64
		{705E0E83-60B2-4B6B-87C6-1E72C3E647FB}.X86|x86.ActiveCfg = Release|x64
		{B42AB319-12A4-464A-A6AC-5C1DDDC4E5B2}.Debug|Any CPU.ActiveCfg = Debug|Any CPU
		{B42AB319-12A4-464A-A6AC-5C1DDDC4E5B2}.Debug|Any CPU.Build.0 = Debug|Any CPU
		{B42AB319-12A4-464A-A6AC-5C1DDDC4E5B2}.Debug|Mixed Platforms.ActiveCfg = Debug|x64
		{B42AB319-12A4-464A-A6AC-5C1DDDC4E5B2}.Debug|Mixed Platforms.Build.0 = Debug|x64
		{B42AB319-12A4-464A-A6AC-5C1DDDC4E5B2}.Debug|x64.ActiveCfg = Debug|x64
		{B42AB319-12A4-464A-A6AC-5C1DDDC4E5B2}.Debug|x64.Build.0 = Debug|x64
		{B42AB319-12A4-464A-A6AC-5C1DDDC4E5B2}.Debug|x86.ActiveCfg = Debug|x86
		{B42AB319-12A4-464A-A6AC-5C1DDDC4E5B2}.Debug|x86.Build.0 = Debug|x86
		{B42AB319-12A4-464A-A6AC-5C1DDDC4E5B2}.Release|Any CPU.ActiveCfg = Release|Any CPU
		{B42AB319-12A4-464A-A6AC-5C1DDDC4E5B2}.Release|Any CPU.Build.0 = Release|Any CPU
		{B42AB319-12A4-464A-A6AC-5C1DDDC4E5B2}.Release|Mixed Platforms.ActiveCfg = Release|x64
		{B42AB319-12A4-464A-A6AC-5C1DDDC4E5B2}.Release|Mixed Platforms.Build.0 = Release|x64
		{B42AB319-12A4-464A-A6AC-5C1DDDC4E5B2}.Release|x64.ActiveCfg = Release|x64
		{B42AB319-12A4-464A-A6AC-5C1DDDC4E5B2}.Release|x64.Build.0 = Release|x64
		{B42AB319-12A4-464A-A6AC-5C1DDDC4E5B2}.Release|x86.ActiveCfg = Release|x86
		{B42AB319-12A4-464A-A6AC-5C1DDDC4E5B2}.Release|x86.Build.0 = Release|x86
		{B42AB319-12A4-464A-A6AC-5C1DDDC4E5B2}.X86|Any CPU.ActiveCfg = X86|Any CPU
		{B42AB319-12A4-464A-A6AC-5C1DDDC4E5B2}.X86|Any CPU.Build.0 = X86|Any CPU
		{B42AB319-12A4-464A-A6AC-5C1DDDC4E5B2}.X86|Mixed Platforms.ActiveCfg = X86|x64
		{B42AB319-12A4-464A-A6AC-5C1DDDC4E5B2}.X86|Mixed Platforms.Build.0 = X86|x64
		{B42AB319-12A4-464A-A6AC-5C1DDDC4E5B2}.X86|x64.ActiveCfg = X86|x64
		{B42AB319-12A4-464A-A6AC-5C1DDDC4E5B2}.X86|x64.Build.0 = X86|x64
		{B42AB319-12A4-464A-A6AC-5C1DDDC4E5B2}.X86|x86.ActiveCfg = X86|x86
		{B42AB319-12A4-464A-A6AC-5C1DDDC4E5B2}.X86|x86.Build.0 = X86|x86
		{10314460-0DBA-4A9C-B5C0-DBAD1B80EAD9}.Debug|Any CPU.ActiveCfg = Debug
		{10314460-0DBA-4A9C-B5C0-DBAD1B80EAD9}.Debug|Mixed Platforms.ActiveCfg = Debug
		{10314460-0DBA-4A9C-B5C0-DBAD1B80EAD9}.Debug|x64.ActiveCfg = Debug
		{10314460-0DBA-4A9C-B5C0-DBAD1B80EAD9}.Debug|x86.ActiveCfg = Debug
		{10314460-0DBA-4A9C-B5C0-DBAD1B80EAD9}.Release|Any CPU.ActiveCfg = Release
		{10314460-0DBA-4A9C-B5C0-DBAD1B80EAD9}.Release|Mixed Platforms.ActiveCfg = Release
		{10314460-0DBA-4A9C-B5C0-DBAD1B80EAD9}.Release|x64.ActiveCfg = Release
		{10314460-0DBA-4A9C-B5C0-DBAD1B80EAD9}.Release|x86.ActiveCfg = Release
		{10314460-0DBA-4A9C-B5C0-DBAD1B80EAD9}.X86|Any CPU.ActiveCfg = Release
		{10314460-0DBA-4A9C-B5C0-DBAD1B80EAD9}.X86|Mixed Platforms.ActiveCfg = Release
		{10314460-0DBA-4A9C-B5C0-DBAD1B80EAD9}.X86|x64.ActiveCfg = Release
		{10314460-0DBA-4A9C-B5C0-DBAD1B80EAD9}.X86|x86.ActiveCfg = Release
	EndGlobalSection
	GlobalSection(SolutionProperties) = preSolution
		HideSolutionNode = FALSE
	EndGlobalSection
	GlobalSection(SubversionScc) = preSolution
		Svn-Managed = false
		Manager = AnkhSVN - Subversion Support for Visual Studio
	EndGlobalSection
EndGlobal
